Microsoft Visual Studio Solution File, Format Version 12.00
# Visual Studio Version 17
VisualStudioVersion = 17.5.2.0
MinimumVisualStudioVersion = 10.0.40219.1
Project("{FAE04EC0-301F-11D3-BF4B-00C04F79EFBC}") = "Agenzia", "Agenzia\Agenzia.csproj", "{EC3DBE80-052B-D3BA-E3CB-9E95B10F1CF1}"
EndProject
Global
	GlobalSection(SolutionConfigurationPlatforms) = preSolution
		Debug|Any CPU = Debug|Any CPU
		Release|Any CPU = Release|Any CPU
	EndGlobalSection
	GlobalSection(ProjectConfigurationPlatforms) = postSolution
		{EC3DBE80-052B-D3BA-E3CB-9E95B10F1CF1}.Debug|Any CPU.ActiveCfg = Debug|Any CPU
		{EC3DBE80-052B-D3BA-E3CB-9E95B10F1CF1}.Debug|Any CPU.Build.0 = Debug|Any CPU
		{EC3DBE80-052B-D3BA-E3CB-9E95B10F1CF1}.Release|Any CPU.ActiveCfg = Release|Any CPU
		{EC3DBE80-052B-D3BA-E3CB-9E95B10F1CF1}.Release|Any CPU.Build.0 = Release|Any CPU
	EndGlobalSection
	GlobalSection(SolutionProperties) = preSolution
		HideSolutionNode = FALSE
	EndGlobalSection
	GlobalSection(ExtensibilityGlobals) = postSolution
		SolutionGuid = {0A6ABA99-169B-44BB-8835-F1BF44AE7CA8}
	EndGlobalSection
EndGlobal
